
Microsoft Visual Studio Solution File, Format Version 12.00
# Visual Studio Version 16
VisualStudioVersion = 16.0.31019.35
MinimumVisualStudioVersion = 10.0.40219.1
Project("{9A19103F-16F7-4668-BE54-9A1E7A4F7556}") = "exClassAluno", "exClassAluno\exClassAluno.csproj", "{47527DBB-BCBF-43F2-BA1A-FED77EA5858D}"
EndProject
Project("{9A19103F-16F7-4668-BE54-9A1E7A4F7556}") = "exClassAlternativa", "exClassAlternativa\exClassAlternativa.csproj", "{28A0A931-35B4-4E96-B3F4-C55FEA2161D8}"
EndProject
Project("{9A19103F-16F7-4668-BE54-9A1E7A4F7556}") = "exAula_03", "exAula_03\exAula_03.csproj", "{D90C495E-93A8-4ACD-AA22-F08B34437706}"
EndProject
Global
	GlobalSection(SolutionConfigurationPlatforms) = preSolution
		Debug|Any CPU = Debug|Any CPU
		Release|Any CPU = Release|Any CPU
	EndGlobalSection
	GlobalSection(ProjectConfigurationPlatforms) = postSolution
		{47527DBB-BCBF-43F2-BA1A-FED77EA5858D}.Debug|Any CPU.ActiveCfg = Debug|Any CPU
		{47527DBB-BCBF-43F2-BA1A-FED77EA5858D}.Debug|Any CPU.Build.0 = Debug|Any CPU
		{47527DBB-BCBF-43F2-BA1A-FED77EA5858D}.Release|Any CPU.ActiveCfg = Release|Any CPU
		{47527DBB-BCBF-43F2-BA1A-FED77EA5858D}.Release|Any CPU.Build.0 = Release|Any CPU
		{28A0A931-35B4-4E96-B3F4-C55FEA2161D8}.Debug|Any CPU.ActiveCfg = Debug|Any CPU
		{28A0A931-35B4-4E96-B3F4-C55FEA2161D8}.Debug|Any CPU.Build.0 = Debug|Any CPU
		{28A0A931-35B4-4E96-B3F4-C55FEA2161D8}.Release|Any CPU.ActiveCfg = Release|Any CPU
		{28A0A931-35B4-4E96-B3F4-C55FEA2161D8}.Release|Any CPU.Build.0 = Release|Any CPU
		{D90C495E-93A8-4ACD-AA22-F08B34437706}.Debug|Any CPU.ActiveCfg = Debug|Any CPU
		{D90C495E-93A8-4ACD-AA22-F08B34437706}.Debug|Any CPU.Build.0 = Debug|Any CPU
		{D90C495E-93A8-4ACD-AA22-F08B34437706}.Release|Any CPU.ActiveCfg = Release|Any CPU
		{D90C495E-93A8-4ACD-AA22-F08B34437706}.Release|Any CPU.Build.0 = Release|Any CPU
	EndGlobalSection
	GlobalSection(SolutionProperties) = preSolution
		HideSolutionNode = FALSE
	EndGlobalSection
	GlobalSection(ExtensibilityGlobals) = postSolution
		SolutionGuid = {E601968B-86C2-4D44-BFB4-907A0BC9AB2F}
	EndGlobalSection
EndGlobal
