
Microsoft Visual Studio Solution File, Format Version 12.00
# Visual Studio Version 16
VisualStudioVersion = 16.0.31025.194
MinimumVisualStudioVersion = 10.0.40219.1
Project("{9A19103F-16F7-4668-BE54-9A1E7A4F7556}") = "Projeto01_validacao", "validaCPF\Projeto01_validacao.csproj", "{DC733CAB-5A89-494A-B62F-84163E764B47}"
EndProject
Global
	GlobalSection(SolutionConfigurationPlatforms) = preSolution
		Debug|Any CPU = Debug|Any CPU
		Release|Any CPU = Release|Any CPU
	EndGlobalSection
	GlobalSection(ProjectConfigurationPlatforms) = postSolution
		{DC733CAB-5A89-494A-B62F-84163E764B47}.Debug|Any CPU.ActiveCfg = Debug|Any CPU
		{DC733CAB-5A89-494A-B62F-84163E764B47}.Debug|Any CPU.Build.0 = Debug|Any CPU
		{DC733CAB-5A89-494A-B62F-84163E764B47}.Release|Any CPU.ActiveCfg = Release|Any CPU
		{DC733CAB-5A89-494A-B62F-84163E764B47}.Release|Any CPU.Build.0 = Release|Any CPU
	EndGlobalSection
	GlobalSection(SolutionProperties) = preSolution
		HideSolutionNode = FALSE
	EndGlobalSection
	GlobalSection(ExtensibilityGlobals) = postSolution
		SolutionGuid = {0F2DB9E8-8792-4003-A56C-3F1C9281260B}
	EndGlobalSection
EndGlobal
