
Microsoft Visual Studio Solution File, Format Version 12.00
# Visual Studio Version 16
VisualStudioVersion = 16.0.30907.101
MinimumVisualStudioVersion = 10.0.40219.1
Project("{9A19103F-16F7-4668-BE54-9A1E7A4F7556}") = "introVetor", "exemploVetor\introVetor.csproj", "{618D0FB2-1410-4DF8-996D-2AACB92A44C8}"
EndProject
Project("{9A19103F-16F7-4668-BE54-9A1E7A4F7556}") = "ExemploMatriz", "ExemploMatriz\ExemploMatriz.csproj", "{37503AF6-1BD2-43C4-8C63-F97C5D0ADD3D}"
EndProject
Project("{9A19103F-16F7-4668-BE54-9A1E7A4F7556}") = "exemploFuncao", "exemploFuncao\exemploFuncao.csproj", "{55618FFE-3479-414A-9B3A-E71B4F385052}"
EndProject
Project("{9A19103F-16F7-4668-BE54-9A1E7A4F7556}") = "exemploStruct", "exemploStruct\exemploStruct.csproj", "{9E2D3D65-82C1-45B2-9EB1-EBE797573765}"
EndProject
Project("{9A19103F-16F7-4668-BE54-9A1E7A4F7556}") = "exercicioAulaStruct", "exercicioAulaStruct\exercicioAulaStruct.csproj", "{6AA2FD46-CBA1-42EF-BA0E-BF5D3CDA4122}"
EndProject
Project("{FAE04EC0-301F-11D3-BF4B-00C04F79EFBC}") = "exemploClasse", "exemploClasse\exemploClasse.csproj", "{DF89D767-F864-4005-BA44-A62E3B183327}"
EndProject
Global
	GlobalSection(SolutionConfigurationPlatforms) = preSolution
		Debug|Any CPU = Debug|Any CPU
		Release|Any CPU = Release|Any CPU
	EndGlobalSection
	GlobalSection(ProjectConfigurationPlatforms) = postSolution
		{618D0FB2-1410-4DF8-996D-2AACB92A44C8}.Debug|Any CPU.ActiveCfg = Debug|Any CPU
		{618D0FB2-1410-4DF8-996D-2AACB92A44C8}.Debug|Any CPU.Build.0 = Debug|Any CPU
		{618D0FB2-1410-4DF8-996D-2AACB92A44C8}.Release|Any CPU.ActiveCfg = Release|Any CPU
		{618D0FB2-1410-4DF8-996D-2AACB92A44C8}.Release|Any CPU.Build.0 = Release|Any CPU
		{37503AF6-1BD2-43C4-8C63-F97C5D0ADD3D}.Debug|Any CPU.ActiveCfg = Debug|Any CPU
		{37503AF6-1BD2-43C4-8C63-F97C5D0ADD3D}.Debug|Any CPU.Build.0 = Debug|Any CPU
		{37503AF6-1BD2-43C4-8C63-F97C5D0ADD3D}.Release|Any CPU.ActiveCfg = Release|Any CPU
		{37503AF6-1BD2-43C4-8C63-F97C5D0ADD3D}.Release|Any CPU.Build.0 = Release|Any CPU
		{55618FFE-3479-414A-9B3A-E71B4F385052}.Debug|Any CPU.ActiveCfg = Debug|Any CPU
		{55618FFE-3479-414A-9B3A-E71B4F385052}.Debug|Any CPU.Build.0 = Debug|Any CPU
		{55618FFE-3479-414A-9B3A-E71B4F385052}.Release|Any CPU.ActiveCfg = Release|Any CPU
		{55618FFE-3479-414A-9B3A-E71B4F385052}.Release|Any CPU.Build.0 = Release|Any CPU
		{9E2D3D65-82C1-45B2-9EB1-EBE797573765}.Debug|Any CPU.ActiveCfg = Debug|Any CPU
		{9E2D3D65-82C1-45B2-9EB1-EBE797573765}.Debug|Any CPU.Build.0 = Debug|Any CPU
		{9E2D3D65-82C1-45B2-9EB1-EBE797573765}.Release|Any CPU.ActiveCfg = Release|Any CPU
		{9E2D3D65-82C1-45B2-9EB1-EBE797573765}.Release|Any CPU.Build.0 = Release|Any CPU
		{6AA2FD46-CBA1-42EF-BA0E-BF5D3CDA4122}.Debug|Any CPU.ActiveCfg = Debug|Any CPU
		{6AA2FD46-CBA1-42EF-BA0E-BF5D3CDA4122}.Debug|Any CPU.Build.0 = Debug|Any CPU
		{6AA2FD46-CBA1-42EF-BA0E-BF5D3CDA4122}.Release|Any CPU.ActiveCfg = Release|Any CPU
		{6AA2FD46-CBA1-42EF-BA0E-BF5D3CDA4122}.Release|Any CPU.Build.0 = Release|Any CPU
		{DF89D767-F864-4005-BA44-A62E3B183327}.Debug|Any CPU.ActiveCfg = Debug|Any CPU
		{DF89D767-F864-4005-BA44-A62E3B183327}.Debug|Any CPU.Build.0 = Debug|Any CPU
		{DF89D767-F864-4005-BA44-A62E3B183327}.Release|Any CPU.ActiveCfg = Release|Any CPU
		{DF89D767-F864-4005-BA44-A62E3B183327}.Release|Any CPU.Build.0 = Release|Any CPU
	EndGlobalSection
	GlobalSection(SolutionProperties) = preSolution
		HideSolutionNode = FALSE
	EndGlobalSection
	GlobalSection(ExtensibilityGlobals) = postSolution
		SolutionGuid = {AD014F8D-E90F-4321-9CD5-2EDA195E989C}
	EndGlobalSection
EndGlobal
