
Microsoft Visual Studio Solution File, Format Version 12.00
# Visual Studio Version 16
VisualStudioVersion = 16.0.31515.178
MinimumVisualStudioVersion = 10.0.40219.1
Project("{FAE04EC0-301F-11D3-BF4B-00C04F79EFBC}") = "DesafioAula", "DesafioAula\DesafioAula.csproj", "{526EEC57-F113-4009-9666-8F7AE34F6BF6}"
EndProject
Global
	GlobalSection(SolutionConfigurationPlatforms) = preSolution
		Debug|Any CPU = Debug|Any CPU
		Release|Any CPU = Release|Any CPU
	EndGlobalSection
	GlobalSection(ProjectConfigurationPlatforms) = postSolution
		{526EEC57-F113-4009-9666-8F7AE34F6BF6}.Debug|Any CPU.ActiveCfg = Debug|Any CPU
		{526EEC57-F113-4009-9666-8F7AE34F6BF6}.Debug|Any CPU.Build.0 = Debug|Any CPU
		{526EEC57-F113-4009-9666-8F7AE34F6BF6}.Release|Any CPU.ActiveCfg = Release|Any CPU
		{526EEC57-F113-4009-9666-8F7AE34F6BF6}.Release|Any CPU.Build.0 = Release|Any CPU
	EndGlobalSection
	GlobalSection(SolutionProperties) = preSolution
		HideSolutionNode = FALSE
	EndGlobalSection
	GlobalSection(ExtensibilityGlobals) = postSolution
		SolutionGuid = {097DB7A0-94E7-41D5-8B40-471587C50E5C}
	EndGlobalSection
EndGlobal
