
Microsoft Visual Studio Solution File, Format Version 12.00
# Visual Studio Version 16
VisualStudioVersion = 16.0.31321.278
MinimumVisualStudioVersion = 10.0.40219.1
Project("{FAE04EC0-301F-11D3-BF4B-00C04F79EFBC}") = "ProjetodeMetodosdeOrdenacao", "ProjetodeMetodosdeOrdenacao\ProjetodeMetodosdeOrdenacao.csproj", "{8B83FF03-61CA-45BD-A2C5-EF76A103772D}"
EndProject
Global
	GlobalSection(SolutionConfigurationPlatforms) = preSolution
		Debug|Any CPU = Debug|Any CPU
		Release|Any CPU = Release|Any CPU
	EndGlobalSection
	GlobalSection(ProjectConfigurationPlatforms) = postSolution
		{8B83FF03-61CA-45BD-A2C5-EF76A103772D}.Debug|Any CPU.ActiveCfg = Debug|Any CPU
		{8B83FF03-61CA-45BD-A2C5-EF76A103772D}.Debug|Any CPU.Build.0 = Debug|Any CPU
		{8B83FF03-61CA-45BD-A2C5-EF76A103772D}.Release|Any CPU.ActiveCfg = Release|Any CPU
		{8B83FF03-61CA-45BD-A2C5-EF76A103772D}.Release|Any CPU.Build.0 = Release|Any CPU
	EndGlobalSection
	GlobalSection(SolutionProperties) = preSolution
		HideSolutionNode = FALSE
	EndGlobalSection
	GlobalSection(ExtensibilityGlobals) = postSolution
		SolutionGuid = {C34920AD-2D13-43BA-AACC-D06366731436}
	EndGlobalSection
EndGlobal
