
Microsoft Visual Studio Solution File, Format Version 12.00
# Visual Studio Version 16
VisualStudioVersion = 16.0.31025.194
MinimumVisualStudioVersion = 10.0.40219.1
Project("{8BC9CEB8-8B4A-11D0-8D11-00A0C91BC942}") = "Fibonacci", "Fibonacci\Fibonacci.vcxproj", "{28B0B96D-D986-45CC-A6E3-4F717FFD59C5}"
EndProject
Project("{8BC9CEB8-8B4A-11D0-8D11-00A0C91BC942}") = "MaiorDivisorComum", "MaiorDivisorComum\MaiorDivisorComum.vcxproj", "{BCF04F22-CCB6-4C19-8381-909CCD416EF0}"
EndProject
Project("{8BC9CEB8-8B4A-11D0-8D11-00A0C91BC942}") = "Potencia", "Potencia\Potencia.vcxproj", "{63A4B2AC-C4A6-46F4-A19D-B6AE190834E4}"
EndProject
Project("{8BC9CEB8-8B4A-11D0-8D11-00A0C91BC942}") = "torreHanoi", "torreHanoi\torreHanoi.vcxproj", "{C4BF083C-F81F-461B-90A8-E86A7CE1E9C3}"
EndProject
Global
	GlobalSection(SolutionConfigurationPlatforms) = preSolution
		Debug|x64 = Debug|x64
		Debug|x86 = Debug|x86
		Release|x64 = Release|x64
		Release|x86 = Release|x86
	EndGlobalSection
	GlobalSection(ProjectConfigurationPlatforms) = postSolution
		{28B0B96D-D986-45CC-A6E3-4F717FFD59C5}.Debug|x64.ActiveCfg = Debug|x64
		{28B0B96D-D986-45CC-A6E3-4F717FFD59C5}.Debug|x64.Build.0 = Debug|x64
		{28B0B96D-D986-45CC-A6E3-4F717FFD59C5}.Debug|x86.ActiveCfg = Debug|Win32
		{28B0B96D-D986-45CC-A6E3-4F717FFD59C5}.Debug|x86.Build.0 = Debug|Win32
		{28B0B96D-D986-45CC-A6E3-4F717FFD59C5}.Release|x64.ActiveCfg = Release|x64
		{28B0B96D-D986-45CC-A6E3-4F717FFD59C5}.Release|x64.Build.0 = Release|x64
		{28B0B96D-D986-45CC-A6E3-4F717FFD59C5}.Release|x86.ActiveCfg = Release|Win32
		{28B0B96D-D986-45CC-A6E3-4F717FFD59C5}.Release|x86.Build.0 = Release|Win32
		{BCF04F22-CCB6-4C19-8381-909CCD416EF0}.Debug|x64.ActiveCfg = Debug|x64
		{BCF04F22-CCB6-4C19-8381-909CCD416EF0}.Debug|x64.Build.0 = Debug|x64
		{BCF04F22-CCB6-4C19-8381-909CCD416EF0}.Debug|x86.ActiveCfg = Debug|Win32
		{BCF04F22-CCB6-4C19-8381-909CCD416EF0}.Debug|x86.Build.0 = Debug|Win32
		{BCF04F22-CCB6-4C19-8381-909CCD416EF0}.Release|x64.ActiveCfg = Release|x64
		{BCF04F22-CCB6-4C19-8381-909CCD416EF0}.Release|x64.Build.0 = Release|x64
		{BCF04F22-CCB6-4C19-8381-909CCD416EF0}.Release|x86.ActiveCfg = Release|Win32
		{BCF04F22-CCB6-4C19-8381-909CCD416EF0}.Release|x86.Build.0 = Release|Win32
		{63A4B2AC-C4A6-46F4-A19D-B6AE190834E4}.Debug|x64.ActiveCfg = Debug|x64
		{63A4B2AC-C4A6-46F4-A19D-B6AE190834E4}.Debug|x64.Build.0 = Debug|x64
		{63A4B2AC-C4A6-46F4-A19D-B6AE190834E4}.Debug|x86.ActiveCfg = Debug|Win32
		{63A4B2AC-C4A6-46F4-A19D-B6AE190834E4}.Debug|x86.Build.0 = Debug|Win32
		{63A4B2AC-C4A6-46F4-A19D-B6AE190834E4}.Release|x64.ActiveCfg = Release|x64
		{63A4B2AC-C4A6-46F4-A19D-B6AE190834E4}.Release|x64.Build.0 = Release|x64
		{63A4B2AC-C4A6-46F4-A19D-B6AE190834E4}.Release|x86.ActiveCfg = Release|Win32
		{63A4B2AC-C4A6-46F4-A19D-B6AE190834E4}.Release|x86.Build.0 = Release|Win32
		{C4BF083C-F81F-461B-90A8-E86A7CE1E9C3}.Debug|x64.ActiveCfg = Debug|x64
		{C4BF083C-F81F-461B-90A8-E86A7CE1E9C3}.Debug|x64.Build.0 = Debug|x64
		{C4BF083C-F81F-461B-90A8-E86A7CE1E9C3}.Debug|x86.ActiveCfg = Debug|Win32
		{C4BF083C-F81F-461B-90A8-E86A7CE1E9C3}.Debug|x86.Build.0 = Debug|Win32
		{C4BF083C-F81F-461B-90A8-E86A7CE1E9C3}.Release|x64.ActiveCfg = Release|x64
		{C4BF083C-F81F-461B-90A8-E86A7CE1E9C3}.Release|x64.Build.0 = Release|x64
		{C4BF083C-F81F-461B-90A8-E86A7CE1E9C3}.Release|x86.ActiveCfg = Release|Win32
		{C4BF083C-F81F-461B-90A8-E86A7CE1E9C3}.Release|x86.Build.0 = Release|Win32
	EndGlobalSection
	GlobalSection(SolutionProperties) = preSolution
		HideSolutionNode = FALSE
	EndGlobalSection
	GlobalSection(ExtensibilityGlobals) = postSolution
		SolutionGuid = {AFCC276C-F0AB-4253-83F3-D825CC45A3CD}
	EndGlobalSection
EndGlobal
