
Microsoft Visual Studio Solution File, Format Version 12.00
# Visual Studio Version 16
VisualStudioVersion = 16.0.31019.35
MinimumVisualStudioVersion = 10.0.40219.1
Project("{9A19103F-16F7-4668-BE54-9A1E7A4F7556}") = "exFuncionario", "exFuncionario\exFuncionario.csproj", "{387BABB7-E279-49DF-A8DB-C2E5E4E5923B}"
EndProject
Project("{FAE04EC0-301F-11D3-BF4B-00C04F79EFBC}") = "exFormasGeometricas", "exFormasGeometricas\exFormasGeometricas.csproj", "{A48F708E-CA31-494D-B777-DB8A5D3C6415}"
EndProject
Project("{FAE04EC0-301F-11D3-BF4B-00C04F79EFBC}") = "exMatrizProp", "exMatrizProp\exMatrizProp.csproj", "{54752957-366E-4941-B8AD-BAC55EEA36F9}"
EndProject
Global
	GlobalSection(SolutionConfigurationPlatforms) = preSolution
		Debug|Any CPU = Debug|Any CPU
		Release|Any CPU = Release|Any CPU
	EndGlobalSection
	GlobalSection(ProjectConfigurationPlatforms) = postSolution
		{387BABB7-E279-49DF-A8DB-C2E5E4E5923B}.Debug|Any CPU.ActiveCfg = Debug|Any CPU
		{387BABB7-E279-49DF-A8DB-C2E5E4E5923B}.Debug|Any CPU.Build.0 = Debug|Any CPU
		{387BABB7-E279-49DF-A8DB-C2E5E4E5923B}.Release|Any CPU.ActiveCfg = Release|Any CPU
		{387BABB7-E279-49DF-A8DB-C2E5E4E5923B}.Release|Any CPU.Build.0 = Release|Any CPU
		{A48F708E-CA31-494D-B777-DB8A5D3C6415}.Debug|Any CPU.ActiveCfg = Debug|Any CPU
		{A48F708E-CA31-494D-B777-DB8A5D3C6415}.Debug|Any CPU.Build.0 = Debug|Any CPU
		{A48F708E-CA31-494D-B777-DB8A5D3C6415}.Release|Any CPU.ActiveCfg = Release|Any CPU
		{A48F708E-CA31-494D-B777-DB8A5D3C6415}.Release|Any CPU.Build.0 = Release|Any CPU
		{54752957-366E-4941-B8AD-BAC55EEA36F9}.Debug|Any CPU.ActiveCfg = Debug|Any CPU
		{54752957-366E-4941-B8AD-BAC55EEA36F9}.Debug|Any CPU.Build.0 = Debug|Any CPU
		{54752957-366E-4941-B8AD-BAC55EEA36F9}.Release|Any CPU.ActiveCfg = Release|Any CPU
		{54752957-366E-4941-B8AD-BAC55EEA36F9}.Release|Any CPU.Build.0 = Release|Any CPU
	EndGlobalSection
	GlobalSection(SolutionProperties) = preSolution
		HideSolutionNode = FALSE
	EndGlobalSection
	GlobalSection(ExtensibilityGlobals) = postSolution
		SolutionGuid = {74666BF4-4DC6-4C2B-994F-6219811E28E8}
	EndGlobalSection
EndGlobal
