
Microsoft Visual Studio Solution File, Format Version 12.00
# Visual Studio Version 16
VisualStudioVersion = 16.0.31025.194
MinimumVisualStudioVersion = 10.0.40219.1
Project("{FAE04EC0-301F-11D3-BF4B-00C04F79EFBC}") = "Projeto1", "Projeto1\Projeto1.csproj", "{2CFF5221-8AF3-43AA-8C20-519BE215704F}"
EndProject
Project("{FAE04EC0-301F-11D3-BF4B-00C04F79EFBC}") = "Projeto2", "Projeto2\Projeto2.csproj", "{BB01E56E-F4E4-410B-BDBE-09995699E7F6}"
EndProject
Global
	GlobalSection(SolutionConfigurationPlatforms) = preSolution
		Debug|Any CPU = Debug|Any CPU
		Release|Any CPU = Release|Any CPU
	EndGlobalSection
	GlobalSection(ProjectConfigurationPlatforms) = postSolution
		{2CFF5221-8AF3-43AA-8C20-519BE215704F}.Debug|Any CPU.ActiveCfg = Debug|Any CPU
		{2CFF5221-8AF3-43AA-8C20-519BE215704F}.Debug|Any CPU.Build.0 = Debug|Any CPU
		{2CFF5221-8AF3-43AA-8C20-519BE215704F}.Release|Any CPU.ActiveCfg = Release|Any CPU
		{2CFF5221-8AF3-43AA-8C20-519BE215704F}.Release|Any CPU.Build.0 = Release|Any CPU
		{BB01E56E-F4E4-410B-BDBE-09995699E7F6}.Debug|Any CPU.ActiveCfg = Debug|Any CPU
		{BB01E56E-F4E4-410B-BDBE-09995699E7F6}.Debug|Any CPU.Build.0 = Debug|Any CPU
		{BB01E56E-F4E4-410B-BDBE-09995699E7F6}.Release|Any CPU.ActiveCfg = Release|Any CPU
		{BB01E56E-F4E4-410B-BDBE-09995699E7F6}.Release|Any CPU.Build.0 = Release|Any CPU
	EndGlobalSection
	GlobalSection(SolutionProperties) = preSolution
		HideSolutionNode = FALSE
	EndGlobalSection
	GlobalSection(ExtensibilityGlobals) = postSolution
		SolutionGuid = {F21FBB0B-32DA-4445-9896-9B618A36A953}
	EndGlobalSection
EndGlobal
