
Microsoft Visual Studio Solution File, Format Version 12.00
# Visual Studio Version 16
VisualStudioVersion = 16.0.31515.178
MinimumVisualStudioVersion = 10.0.40219.1
Project("{FAE04EC0-301F-11D3-BF4B-00C04F79EFBC}") = "Projeto01-MatrizForms", "Projeto01-MatrizForms\Projeto01-MatrizForms.csproj", "{FEF8FAD1-8F43-4D4F-96DF-F0889FC865B5}"
EndProject
Project("{FAE04EC0-301F-11D3-BF4B-00C04F79EFBC}") = "Projeto02", "Projeto02\Projeto02.csproj", "{D9F9552F-DCC6-4CBB-B2C9-7CA724FC22C8}"
EndProject
Global
	GlobalSection(SolutionConfigurationPlatforms) = preSolution
		Debug|Any CPU = Debug|Any CPU
		Release|Any CPU = Release|Any CPU
	EndGlobalSection
	GlobalSection(ProjectConfigurationPlatforms) = postSolution
		{FEF8FAD1-8F43-4D4F-96DF-F0889FC865B5}.Debug|Any CPU.ActiveCfg = Debug|Any CPU
		{FEF8FAD1-8F43-4D4F-96DF-F0889FC865B5}.Debug|Any CPU.Build.0 = Debug|Any CPU
		{FEF8FAD1-8F43-4D4F-96DF-F0889FC865B5}.Release|Any CPU.ActiveCfg = Release|Any CPU
		{FEF8FAD1-8F43-4D4F-96DF-F0889FC865B5}.Release|Any CPU.Build.0 = Release|Any CPU
		{D9F9552F-DCC6-4CBB-B2C9-7CA724FC22C8}.Debug|Any CPU.ActiveCfg = Debug|Any CPU
		{D9F9552F-DCC6-4CBB-B2C9-7CA724FC22C8}.Debug|Any CPU.Build.0 = Debug|Any CPU
		{D9F9552F-DCC6-4CBB-B2C9-7CA724FC22C8}.Release|Any CPU.ActiveCfg = Release|Any CPU
		{D9F9552F-DCC6-4CBB-B2C9-7CA724FC22C8}.Release|Any CPU.Build.0 = Release|Any CPU
	EndGlobalSection
	GlobalSection(SolutionProperties) = preSolution
		HideSolutionNode = FALSE
	EndGlobalSection
	GlobalSection(ExtensibilityGlobals) = postSolution
		SolutionGuid = {3C4F6FAD-8451-4B2F-BEF7-1E8100A11258}
	EndGlobalSection
EndGlobal
