
Microsoft Visual Studio Solution File, Format Version 12.00
# Visual Studio Version 16
VisualStudioVersion = 16.0.31515.178
MinimumVisualStudioVersion = 10.0.40219.1
Project("{FAE04EC0-301F-11D3-BF4B-00C04F79EFBC}") = "Projeto01", "Projeto01\Projeto01.csproj", "{637ABEE2-DC1D-4A30-BD8A-043EF52EC0AA}"
EndProject
Project("{FAE04EC0-301F-11D3-BF4B-00C04F79EFBC}") = "Projeto02", "Projeto02\Projeto02.csproj", "{1DA2168C-9F99-4D60-AA9F-C6B32670B055}"
EndProject
Project("{FAE04EC0-301F-11D3-BF4B-00C04F79EFBC}") = "Projeto03", "Projeto03\Projeto03.csproj", "{D978BED9-C41C-40D8-AC1D-5ACCA7BE6946}"
EndProject
Global
	GlobalSection(SolutionConfigurationPlatforms) = preSolution
		Debug|Any CPU = Debug|Any CPU
		Release|Any CPU = Release|Any CPU
	EndGlobalSection
	GlobalSection(ProjectConfigurationPlatforms) = postSolution
		{637ABEE2-DC1D-4A30-BD8A-043EF52EC0AA}.Debug|Any CPU.ActiveCfg = Debug|Any CPU
		{637ABEE2-DC1D-4A30-BD8A-043EF52EC0AA}.Debug|Any CPU.Build.0 = Debug|Any CPU
		{637ABEE2-DC1D-4A30-BD8A-043EF52EC0AA}.Release|Any CPU.ActiveCfg = Release|Any CPU
		{637ABEE2-DC1D-4A30-BD8A-043EF52EC0AA}.Release|Any CPU.Build.0 = Release|Any CPU
		{1DA2168C-9F99-4D60-AA9F-C6B32670B055}.Debug|Any CPU.ActiveCfg = Debug|Any CPU
		{1DA2168C-9F99-4D60-AA9F-C6B32670B055}.Debug|Any CPU.Build.0 = Debug|Any CPU
		{1DA2168C-9F99-4D60-AA9F-C6B32670B055}.Release|Any CPU.ActiveCfg = Release|Any CPU
		{1DA2168C-9F99-4D60-AA9F-C6B32670B055}.Release|Any CPU.Build.0 = Release|Any CPU
		{D978BED9-C41C-40D8-AC1D-5ACCA7BE6946}.Debug|Any CPU.ActiveCfg = Debug|Any CPU
		{D978BED9-C41C-40D8-AC1D-5ACCA7BE6946}.Debug|Any CPU.Build.0 = Debug|Any CPU
		{D978BED9-C41C-40D8-AC1D-5ACCA7BE6946}.Release|Any CPU.ActiveCfg = Release|Any CPU
		{D978BED9-C41C-40D8-AC1D-5ACCA7BE6946}.Release|Any CPU.Build.0 = Release|Any CPU
	EndGlobalSection
	GlobalSection(SolutionProperties) = preSolution
		HideSolutionNode = FALSE
	EndGlobalSection
	GlobalSection(ExtensibilityGlobals) = postSolution
		SolutionGuid = {37CDC1FC-82B8-4FA2-B4B6-141426B4B957}
	EndGlobalSection
EndGlobal
