
Microsoft Visual Studio Solution File, Format Version 12.00
# Visual Studio Version 16
VisualStudioVersion = 16.0.31025.194
MinimumVisualStudioVersion = 10.0.40219.1
Project("{FAE04EC0-301F-11D3-BF4B-00C04F79EFBC}") = "projetoEstoque", "projetoEstoque\projetoEstoque.csproj", "{40F8FDE4-78B7-4AE1-A254-B479EF0E0528}"
EndProject
Global
	GlobalSection(SolutionConfigurationPlatforms) = preSolution
		Debug|Any CPU = Debug|Any CPU
		Release|Any CPU = Release|Any CPU
	EndGlobalSection
	GlobalSection(ProjectConfigurationPlatforms) = postSolution
		{40F8FDE4-78B7-4AE1-A254-B479EF0E0528}.Debug|Any CPU.ActiveCfg = Debug|Any CPU
		{40F8FDE4-78B7-4AE1-A254-B479EF0E0528}.Debug|Any CPU.Build.0 = Debug|Any CPU
		{40F8FDE4-78B7-4AE1-A254-B479EF0E0528}.Release|Any CPU.ActiveCfg = Release|Any CPU
		{40F8FDE4-78B7-4AE1-A254-B479EF0E0528}.Release|Any CPU.Build.0 = Release|Any CPU
	EndGlobalSection
	GlobalSection(SolutionProperties) = preSolution
		HideSolutionNode = FALSE
	EndGlobalSection
	GlobalSection(ExtensibilityGlobals) = postSolution
		SolutionGuid = {F909429D-F787-4853-AFC1-ED7CD69F35C4}
	EndGlobalSection
EndGlobal
