
Microsoft Visual Studio Solution File, Format Version 12.00
# Visual Studio Version 16
VisualStudioVersion = 16.0.31515.178
MinimumVisualStudioVersion = 10.0.40219.1
Project("{FAE04EC0-301F-11D3-BF4B-00C04F79EFBC}") = "Projeto01", "Projeto01\Projeto01.csproj", "{343105D9-B983-4430-8943-CA58758BEDC2}"
EndProject
Project("{FAE04EC0-301F-11D3-BF4B-00C04F79EFBC}") = "Projeto02", "Projeto02\Projeto02.csproj", "{F6B79BFE-5E8C-48F4-88F6-2626E8319ADC}"
EndProject
Project("{FAE04EC0-301F-11D3-BF4B-00C04F79EFBC}") = "Projeto03", "Projeto03\Projeto03.csproj", "{F04D8197-2886-40E5-9E79-939E65A740AA}"
EndProject
Global
	GlobalSection(SolutionConfigurationPlatforms) = preSolution
		Debug|Any CPU = Debug|Any CPU
		Release|Any CPU = Release|Any CPU
	EndGlobalSection
	GlobalSection(ProjectConfigurationPlatforms) = postSolution
		{343105D9-B983-4430-8943-CA58758BEDC2}.Debug|Any CPU.ActiveCfg = Debug|Any CPU
		{343105D9-B983-4430-8943-CA58758BEDC2}.Debug|Any CPU.Build.0 = Debug|Any CPU
		{343105D9-B983-4430-8943-CA58758BEDC2}.Release|Any CPU.ActiveCfg = Release|Any CPU
		{343105D9-B983-4430-8943-CA58758BEDC2}.Release|Any CPU.Build.0 = Release|Any CPU
		{F6B79BFE-5E8C-48F4-88F6-2626E8319ADC}.Debug|Any CPU.ActiveCfg = Debug|Any CPU
		{F6B79BFE-5E8C-48F4-88F6-2626E8319ADC}.Debug|Any CPU.Build.0 = Debug|Any CPU
		{F6B79BFE-5E8C-48F4-88F6-2626E8319ADC}.Release|Any CPU.ActiveCfg = Release|Any CPU
		{F6B79BFE-5E8C-48F4-88F6-2626E8319ADC}.Release|Any CPU.Build.0 = Release|Any CPU
		{F04D8197-2886-40E5-9E79-939E65A740AA}.Debug|Any CPU.ActiveCfg = Debug|Any CPU
		{F04D8197-2886-40E5-9E79-939E65A740AA}.Debug|Any CPU.Build.0 = Debug|Any CPU
		{F04D8197-2886-40E5-9E79-939E65A740AA}.Release|Any CPU.ActiveCfg = Release|Any CPU
		{F04D8197-2886-40E5-9E79-939E65A740AA}.Release|Any CPU.Build.0 = Release|Any CPU
	EndGlobalSection
	GlobalSection(SolutionProperties) = preSolution
		HideSolutionNode = FALSE
	EndGlobalSection
	GlobalSection(ExtensibilityGlobals) = postSolution
		SolutionGuid = {CE5DD381-D7A3-4706-BA00-B3C6646F32B9}
	EndGlobalSection
EndGlobal
